
Microsoft Visual Studio Solution File, Format Version 12.00
# Visual Studio Version 17
VisualStudioVersion = 17.5.002.0
MinimumVisualStudioVersion = 10.0.40219.1
Project("{9A19103F-16F7-4668-BE54-9A1E7A4F7556}") = "HelloWorld", "HelloWorld\HelloWorld.csproj", "{54E8E8CB-A581-4A48-B615-51F2CF3A14DD}"
EndProject
Project("{9A19103F-16F7-4668-BE54-9A1E7A4F7556}") = "FirstExercise", "FirstExercise\FirstExercise.csproj", "{1EAC92FF-1118-4A1A-B452-C31720D317F4}"
EndProject
Global
	GlobalSection(SolutionConfigurationPlatforms) = preSolution
		Debug|Any CPU = Debug|Any CPU
		Release|Any CPU = Release|Any CPU
	EndGlobalSection
	GlobalSection(ProjectConfigurationPlatforms) = postSolution
		{54E8E8CB-A581-4A48-B615-51F2CF3A14DD}.Debug|Any CPU.ActiveCfg = Debug|Any CPU
		{54E8E8CB-A581-4A48-B615-51F2CF3A14DD}.Debug|Any CPU.Build.0 = Debug|Any CPU
		{54E8E8CB-A581-4A48-B615-51F2CF3A14DD}.Release|Any CPU.ActiveCfg = Release|Any CPU
		{54E8E8CB-A581-4A48-B615-51F2CF3A14DD}.Release|Any CPU.Build.0 = Release|Any CPU
		{1EAC92FF-1118-4A1A-B452-C31720D317F4}.Debug|Any CPU.ActiveCfg = Debug|Any CPU
		{1EAC92FF-1118-4A1A-B452-C31720D317F4}.Debug|Any CPU.Build.0 = Debug|Any CPU
		{1EAC92FF-1118-4A1A-B452-C31720D317F4}.Release|Any CPU.ActiveCfg = Release|Any CPU
		{1EAC92FF-1118-4A1A-B452-C31720D317F4}.Release|Any CPU.Build.0 = Release|Any CPU
	EndGlobalSection
	GlobalSection(SolutionProperties) = preSolution
		HideSolutionNode = FALSE
	EndGlobalSection
	GlobalSection(ExtensibilityGlobals) = postSolution
		SolutionGuid = {D65CE247-E4B1-4BEA-A487-DD68436EF97D}
	EndGlobalSection
EndGlobal
